{
  "name": "mqtt-testa-bridge",
  "version": "1.0.0",
  "lockfileVersion": 1,
  "requires": true,
  "dependencies": {
    "dot-env": {
      "version": "0.0.1",
      "resolved": "https://registry.npmjs.org/dot-env/-/dot-env-0.0.1.tgz",
      "integrity": "sha1-5ENMuMaRQ+RFvCinKUN+T6vYjIA="
    },
    "sprintf-js": {
      "version": "1.1.2",
      "resolved": "https://registry.npmjs.org/sprintf-js/-/sprintf-js-1.1.2.tgz",
      "integrity": "sha512-VE0SOVEHCk7Qc8ulkWw3ntAzXuqf7S2lvwQaDLRnUeIEaKNQJzV6BwmLKhOqT61aGhfUMrXeaBk+oDGCzvhcug=="
    },
    "yow": {
      "version": "1.0.108",
      "resolved": "https://registry.npmjs.org/yow/-/yow-1.0.108.tgz",
      "integrity": "sha512-/K0/2o5P2ZGadz7FCCNUkCtS9Ks8fakcKSdOBo/LTb9KWN10iCQQYWUJYyVIWro7VWhLumRurjXotAQB7xJU2Q==",
      "requires": {
        "sprintf-js": "^1.1.2"
      }
    }
  }
}
